
Microsoft Visual Studio Solution File, Format Version 12.00
# Visual Studio 2012
Project("{00D1A9C2-B5F0-4AF3-8072-F6C62B433612}") = "EcoBici", "EcoBici\EcoBici.sqlproj", "{56AB5F21-A0AD-4B25-9CDA-80BE8CA675AE}"
EndProject
Global
	GlobalSection(SolutionConfigurationPlatforms) = preSolution
		Debug|Any CPU = Debug|Any CPU
		Release|Any CPU = Release|Any CPU
	EndGlobalSection
	GlobalSection(ProjectConfigurationPlatforms) = postSolution
		{56AB5F21-A0AD-4B25-9CDA-80BE8CA675AE}.Debug|Any CPU.ActiveCfg = Debug|Any CPU
		{56AB5F21-A0AD-4B25-9CDA-80BE8CA675AE}.Debug|Any CPU.Build.0 = Debug|Any CPU
		{56AB5F21-A0AD-4B25-9CDA-80BE8CA675AE}.Debug|Any CPU.Deploy.0 = Debug|Any CPU
		{56AB5F21-A0AD-4B25-9CDA-80BE8CA675AE}.Release|Any CPU.ActiveCfg = Release|Any CPU
		{56AB5F21-A0AD-4B25-9CDA-80BE8CA675AE}.Release|Any CPU.Build.0 = Release|Any CPU
		{56AB5F21-A0AD-4B25-9CDA-80BE8CA675AE}.Release|Any CPU.Deploy.0 = Release|Any CPU
	EndGlobalSection
	GlobalSection(SolutionProperties) = preSolution
		HideSolutionNode = FALSE
	EndGlobalSection
EndGlobal
